
Microsoft Visual Studio Solution File, Format Version 12.00
# Visual Studio Version 17
VisualStudioVersion = 17.13.35825.156 d17.13
MinimumVisualStudioVersion = 10.0.40219.1
Project("{FAE04EC0-301F-11D3-BF4B-00C04F79EFBC}") = "Pro Solution", "Pro Solution.csproj", "{46196489-64BB-4F36-826E-ECA2CF6D49DC}"
EndProject
Global
	GlobalSection(SolutionConfigurationPlatforms) = preSolution
		Debug|Any CPU = Debug|Any CPU
		Release|Any CPU = Release|Any CPU
	EndGlobalSection
	GlobalSection(ProjectConfigurationPlatforms) = postSolution
		{46196489-64BB-4F36-826E-ECA2CF6D49DC}.Debug|Any CPU.ActiveCfg = Debug|Any CPU
		{46196489-64BB-4F36-826E-ECA2CF6D49DC}.Debug|Any CPU.Build.0 = Debug|Any CPU
		{46196489-64BB-4F36-826E-ECA2CF6D49DC}.Release|Any CPU.ActiveCfg = Release|Any CPU
		{46196489-64BB-4F36-826E-ECA2CF6D49DC}.Release|Any CPU.Build.0 = Release|Any CPU
	EndGlobalSection
	GlobalSection(SolutionProperties) = preSolution
		HideSolutionNode = FALSE
	EndGlobalSection
	GlobalSection(ExtensibilityGlobals) = postSolution
		SolutionGuid = {FD9F6DDB-D86B-4E7A-A46C-A37837611E0A}
	EndGlobalSection
EndGlobal
